
Microsoft Visual Studio Solution File, Format Version 12.00
# Visual Studio 15
VisualStudioVersion = 15.0.28010.2036
MinimumVisualStudioVersion = 10.0.40219.1
Project("{FAE04EC0-301F-11D3-BF4B-00C04F79EFBC}") = "HanoiLoop", "HanoiLoop\HanoiLoop.csproj", "{1EA35E26-EB17-4897-BB13-1C95C3E72AA3}"
EndProject
Global
	GlobalSection(SolutionConfigurationPlatforms) = preSolution
		Debug|Any CPU = Debug|Any CPU
		Release|Any CPU = Release|Any CPU
	EndGlobalSection
	GlobalSection(ProjectConfigurationPlatforms) = postSolution
		{1EA35E26-EB17-4897-BB13-1C95C3E72AA3}.Debug|Any CPU.ActiveCfg = Debug|Any CPU
		{1EA35E26-EB17-4897-BB13-1C95C3E72AA3}.Debug|Any CPU.Build.0 = Debug|Any CPU
		{1EA35E26-EB17-4897-BB13-1C95C3E72AA3}.Release|Any CPU.ActiveCfg = Release|Any CPU
		{1EA35E26-EB17-4897-BB13-1C95C3E72AA3}.Release|Any CPU.Build.0 = Release|Any CPU
	EndGlobalSection
	GlobalSection(SolutionProperties) = preSolution
		HideSolutionNode = FALSE
	EndGlobalSection
	GlobalSection(ExtensibilityGlobals) = postSolution
		SolutionGuid = {B2A0A203-0BFF-4901-946D-BE929A92E14F}
	EndGlobalSection
EndGlobal
